
Microsoft Visual Studio Solution File, Format Version 12.00
# Visual Studio Version 17
VisualStudioVersion = 17.5.33424.131
MinimumVisualStudioVersion = 10.0.40219.1
Project("{9A19103F-16F7-4668-BE54-9A1E7A4F7556}") = "API", "API\API.csproj", "{F92D756F-BEB9-4394-9CD0-E2747231EC88}"
EndProject
Project("{9A19103F-16F7-4668-BE54-9A1E7A4F7556}") = "BLL", "BLL\BLL.csproj", "{0DA71B0E-E7A5-4117-8CCD-AAC0762471AC}"
EndProject
Project("{9A19103F-16F7-4668-BE54-9A1E7A4F7556}") = "CORE", "CORE\CORE.csproj", "{5891480E-342C-4F9A-9A72-8EE13417416D}"
EndProject
Project("{9A19103F-16F7-4668-BE54-9A1E7A4F7556}") = "DTO", "DTO\DTO.csproj", "{05B67C32-B5DB-4D42-981C-AFE321D05050}"
EndProject
Project("{9A19103F-16F7-4668-BE54-9A1E7A4F7556}") = "ENTITIES", "ENTITIES\ENTITIES.csproj", "{A2BA33B2-DC23-41B4-B9A6-5F648F2D21B9}"
EndProject
Project("{9A19103F-16F7-4668-BE54-9A1E7A4F7556}") = "DAL", "DAL\DAL.csproj", "{5EE91237-E341-491F-9EF9-12494457631C}"
EndProject
Project("{9A19103F-16F7-4668-BE54-9A1E7A4F7556}") = "SOURCE", "SOURCE\SOURCE.csproj", "{EF3236F5-EDB4-4A39-9A73-CEFDC1F50B38}"
EndProject
Project("{2150E333-8FDC-42A3-9474-1A3956D46DE8}") = "Solution Items", "Solution Items", "{C36DA7A2-11EB-4EEE-A66A-A3631776843E}"
	ProjectSection(SolutionItems) = preProject
		.editorconfig = .editorconfig
	EndProjectSection
EndProject
Global
	GlobalSection(SolutionConfigurationPlatforms) = preSolution
		Debug|Any CPU = Debug|Any CPU
		Release|Any CPU = Release|Any CPU
	EndGlobalSection
	GlobalSection(ProjectConfigurationPlatforms) = postSolution
		{F92D756F-BEB9-4394-9CD0-E2747231EC88}.Debug|Any CPU.ActiveCfg = Debug|Any CPU
		{F92D756F-BEB9-4394-9CD0-E2747231EC88}.Debug|Any CPU.Build.0 = Debug|Any CPU
		{F92D756F-BEB9-4394-9CD0-E2747231EC88}.Release|Any CPU.ActiveCfg = Release|Any CPU
		{F92D756F-BEB9-4394-9CD0-E2747231EC88}.Release|Any CPU.Build.0 = Release|Any CPU
		{0DA71B0E-E7A5-4117-8CCD-AAC0762471AC}.Debug|Any CPU.ActiveCfg = Debug|Any CPU
		{0DA71B0E-E7A5-4117-8CCD-AAC0762471AC}.Debug|Any CPU.Build.0 = Debug|Any CPU
		{0DA71B0E-E7A5-4117-8CCD-AAC0762471AC}.Release|Any CPU.ActiveCfg = Release|Any CPU
		{0DA71B0E-E7A5-4117-8CCD-AAC0762471AC}.Release|Any CPU.Build.0 = Release|Any CPU
		{5891480E-342C-4F9A-9A72-8EE13417416D}.Debug|Any CPU.ActiveCfg = Debug|Any CPU
		{5891480E-342C-4F9A-9A72-8EE13417416D}.Debug|Any CPU.Build.0 = Debug|Any CPU
		{5891480E-342C-4F9A-9A72-8EE13417416D}.Release|Any CPU.ActiveCfg = Release|Any CPU
		{5891480E-342C-4F9A-9A72-8EE13417416D}.Release|Any CPU.Build.0 = Release|Any CPU
		{05B67C32-B5DB-4D42-981C-AFE321D05050}.Debug|Any CPU.ActiveCfg = Debug|Any CPU
		{05B67C32-B5DB-4D42-981C-AFE321D05050}.Debug|Any CPU.Build.0 = Debug|Any CPU
		{05B67C32-B5DB-4D42-981C-AFE321D05050}.Release|Any CPU.ActiveCfg = Release|Any CPU
		{05B67C32-B5DB-4D42-981C-AFE321D05050}.Release|Any CPU.Build.0 = Release|Any CPU
		{A2BA33B2-DC23-41B4-B9A6-5F648F2D21B9}.Debug|Any CPU.ActiveCfg = Debug|Any CPU
		{A2BA33B2-DC23-41B4-B9A6-5F648F2D21B9}.Debug|Any CPU.Build.0 = Debug|Any CPU
		{A2BA33B2-DC23-41B4-B9A6-5F648F2D21B9}.Release|Any CPU.ActiveCfg = Release|Any CPU
		{A2BA33B2-DC23-41B4-B9A6-5F648F2D21B9}.Release|Any CPU.Build.0 = Release|Any CPU
		{5EE91237-E341-491F-9EF9-12494457631C}.Debug|Any CPU.ActiveCfg = Debug|Any CPU
		{5EE91237-E341-491F-9EF9-12494457631C}.Debug|Any CPU.Build.0 = Debug|Any CPU
		{5EE91237-E341-491F-9EF9-12494457631C}.Release|Any CPU.ActiveCfg = Release|Any CPU
		{5EE91237-E341-491F-9EF9-12494457631C}.Release|Any CPU.Build.0 = Release|Any CPU
		{EF3236F5-EDB4-4A39-9A73-CEFDC1F50B38}.Debug|Any CPU.ActiveCfg = Debug|Any CPU
		{EF3236F5-EDB4-4A39-9A73-CEFDC1F50B38}.Debug|Any CPU.Build.0 = Debug|Any CPU
		{EF3236F5-EDB4-4A39-9A73-CEFDC1F50B38}.Release|Any CPU.ActiveCfg = Release|Any CPU
		{EF3236F5-EDB4-4A39-9A73-CEFDC1F50B38}.Release|Any CPU.Build.0 = Release|Any CPU
	EndGlobalSection
	GlobalSection(SolutionProperties) = preSolution
		HideSolutionNode = FALSE
	EndGlobalSection
	GlobalSection(ExtensibilityGlobals) = postSolution
		SolutionGuid = {9E0A9768-D8E2-4590-8109-3FFF8A5D2EFA}
	EndGlobalSection
EndGlobal
